{
  "name": "gitattributes-web",
  "version": "2.0.0",
  "lockfileVersion": 3,
  "requires": true,
  "packages": {
    "": {
      "name": "gitattributes-web",
      "version": "2.0.0",
      "dependencies": {
        "@selectize/selectize": "^0.15.2",
        "bootswatch": "3.3.6",
        "jquery": "^3.7.0",
        "modern-normalize": "^2.0.0"
      },
      "devDependencies": {
        "vite": "^4.4.7"
      }
    },
    "node_modules/@esbuild/win32-x64": {
      "version": "0.18.16",
      "cpu": [
        "x64"
      ],
      "dev": true,
      "license": "MIT",
      "optional": true,
      "os": [
        "win32"
      ],
      "engines": {
        "node": ">=12"
      }
    },
    "node_modules/@selectize/selectize": {
      "version": "0.15.2",
      "license": "Apache-2.0",
      "engines": {
        "node": "*"
      },
      "optionalDependencies": {
        "jquery-ui": "^1.13.2"
      },
      "peerDependencies": {
        "jquery": "^1.7.0 || ^2 || ^3"
      }
    },
    "node_modules/bootswatch": {
      "version": "3.3.6",
      "license": "MIT",
      "engines": {
        "node": ">= 0.10.0"
      }
    },
    "node_modules/esbuild": {
      "version": "0.18.16",
      "dev": true,
      "hasInstallScript": true,
      "license": "MIT",
      "bin": {
        "esbuild": "bin/esbuild"
      },
      "engines": {
        "node": ">=12"
      },
      "optionalDependencies": {
        "@esbuild/android-arm": "0.18.16",
        "@esbuild/android-arm64": "0.18.16",
        "@esbuild/android-x64": "0.18.16",
        "@esbuild/darwin-arm64": "0.18.16",
        "@esbuild/darwin-x64": "0.18.16",
        "@esbuild/freebsd-arm64": "0.18.16",
        "@esbuild/freebsd-x64": "0.18.16",
        "@esbuild/linux-arm": "0.18.16",
        "@esbuild/linux-arm64": "0.18.16",
        "@esbuild/linux-ia32": "0.18.16",
        "@esbuild/linux-loong64": "0.18.16",
        "@esbuild/linux-mips64el": "0.18.16",
        "@esbuild/linux-ppc64": "0.18.16",
        "@esbuild/linux-riscv64": "0.18.16",
        "@esbuild/linux-s390x": "0.18.16",
        "@esbuild/linux-x64": "0.18.16",
        "@esbuild/netbsd-x64": "0.18.16",
        "@esbuild/openbsd-x64": "0.18.16",
        "@esbuild/sunos-x64": "0.18.16",
        "@esbuild/win32-arm64": "0.18.16",
        "@esbuild/win32-ia32": "0.18.16",
        "@esbuild/win32-x64": "0.18.16"
      }
    },
    "node_modules/jquery": {
      "version": "3.7.0",
      "license": "MIT"
    },
    "node_modules/jquery-ui": {
      "version": "1.13.2",
      "license": "MIT",
      "optional": true,
      "dependencies": {
        "jquery": ">=1.8.0 <4.0.0"
      }
    },
    "node_modules/modern-normalize": {
      "version": "2.0.0",
      "license": "MIT",
      "engines": {
        "node": ">=6"
      },
      "funding": {
        "url": "https://github.com/sponsors/sindresorhus"
      }
    },
    "node_modules/nanoid": {
      "version": "3.3.6",
      "dev": true,
      "funding": [
        {
          "type": "github",
          "url": "https://github.com/sponsors/ai"
        }
      ],
      "license": "MIT",
      "bin": {
        "nanoid": "bin/nanoid.cjs"
      },
      "engines": {
        "node": "^10 || ^12 || ^13.7 || ^14 || >=15.0.1"
      }
    },
    "node_modules/picocolors": {
      "version": "1.0.0",
      "dev": true,
      "license": "ISC"
    },
    "node_modules/postcss": {
      "version": "8.4.27",
      "dev": true,
      "funding": [
        {
          "type": "opencollective",
          "url": "https://opencollective.com/postcss/"
        },
        {
          "type": "tidelift",
          "url": "https://tidelift.com/funding/github/npm/postcss"
        },
        {
          "type": "github",
          "url": "https://github.com/sponsors/ai"
        }
      ],
      "license": "MIT",
      "dependencies": {
        "nanoid": "^3.3.6",
        "picocolors": "^1.0.0",
        "source-map-js": "^1.0.2"
      },
      "engines": {
        "node": "^10 || ^12 || >=14"
      }
    },
    "node_modules/rollup": {
      "version": "3.26.3",
      "dev": true,
      "license": "MIT",
      "bin": {
        "rollup": "dist/bin/rollup"
      },
      "engines": {
        "node": ">=14.18.0",
        "npm": ">=8.0.0"
      },
      "optionalDependencies": {
        "fsevents": "~2.3.2"
      }
    },
    "node_modules/source-map-js": {
      "version": "1.0.2",
      "dev": true,
      "license": "BSD-3-Clause",
      "engines": {
        "node": ">=0.10.0"
      }
    },
    "node_modules/vite": {
      "version": "4.4.7",
      "dev": true,
      "license": "MIT",
      "dependencies": {
        "esbuild": "^0.18.10",
        "postcss": "^8.4.26",
        "rollup": "^3.25.2"
      },
      "bin": {
        "vite": "bin/vite.js"
      },
      "engines": {
        "node": "^14.18.0 || >=16.0.0"
      },
      "funding": {
        "url": "https://github.com/vitejs/vite?sponsor=1"
      },
      "optionalDependencies": {
        "fsevents": "~2.3.2"
      },
      "peerDependencies": {
        "@types/node": ">= 14",
        "less": "*",
        "lightningcss": "^1.21.0",
        "sass": "*",
        "stylus": "*",
        "sugarss": "*",
        "terser": "^5.4.0"
      },
      "peerDependenciesMeta": {
        "@types/node": {
          "optional": true
        },
        "less": {
          "optional": true
        },
        "lightningcss": {
          "optional": true
        },
        "sass": {
          "optional": true
        },
        "stylus": {
          "optional": true
        },
        "sugarss": {
          "optional": true
        },
        "terser": {
          "optional": true
        }
      }
    }
  }
}
